
Microsoft Visual Studio Solution File, Format Version 12.00
# Visual Studio 2013
VisualStudioVersion = 12.0.40629.0
MinimumVisualStudioVersion = 10.0.40219.1
Project("{FAE04EC0-301F-11D3-BF4B-00C04F79EFBC}") = "ArrayTask", "ArrayTask\ArrayTask.csproj", "{868283D6-54F9-454D-91E1-D3C8BA329EDF}"
EndProject
Global
	GlobalSection(SolutionConfigurationPlatforms) = preSolution
		Debug|Any CPU = Debug|Any CPU
		Release|Any CPU = Release|Any CPU
	EndGlobalSection
	GlobalSection(ProjectConfigurationPlatforms) = postSolution
		{868283D6-54F9-454D-91E1-D3C8BA329EDF}.Debug|Any CPU.ActiveCfg = Debug|Any CPU
		{868283D6-54F9-454D-91E1-D3C8BA329EDF}.Debug|Any CPU.Build.0 = Debug|Any CPU
		{868283D6-54F9-454D-91E1-D3C8BA329EDF}.Release|Any CPU.ActiveCfg = Release|Any CPU
		{868283D6-54F9-454D-91E1-D3C8BA329EDF}.Release|Any CPU.Build.0 = Release|Any CPU
	EndGlobalSection
	GlobalSection(SolutionProperties) = preSolution
		HideSolutionNode = FALSE
	EndGlobalSection
EndGlobal
